// !$*UTF8*$!
{
	archiveVersion = 1;
	classes = {
	};
	objectVersion = 77;
	objects = {

/* Begin PBXBuildFile section */
		5D1BF3F62E3D142100C9CD43 /* RxCocoa in Frameworks */ = {isa = PBXBuildFile; productRef = 5D1BF3F52E3D142100C9CD43 /* RxCocoa */; };
		5D1BF3FA2E3D142100C9CD43 /* RxRelay in Frameworks */ = {isa = PBXBuildFile; productRef = 5D1BF3F92E3D142100C9CD43 /* RxRelay */; };
		5D1BF4002E3D153000C9CD43 /* RxSwift in Frameworks */ = {isa = PBXBuildFile; productRef = 5D1BF3FF2E3D153000C9CD43 /* RxSwift */; };
/* End PBXBuildFile section */

/* Begin PBXContainerItemProxy section */
		5D1BF3B82E3D09B200C9CD43 /* PBXContainerItemProxy */ = {
			isa = PBXContainerItemProxy;
			containerPortal = 5D1BF3A12E3D09B100C9CD43 /* Project object */;
			proxyType = 1;
			remoteGlobalIDString = 5D1BF3A82E3D09B100C9CD43;
			remoteInfo = AlfaMovie;
		};
		5D1BF3C22E3D09B200C9CD43 /* PBXContainerItemProxy */ = {
			isa = PBXContainerItemProxy;
			containerPortal = 5D1BF3A12E3D09B100C9CD43 /* Project object */;
			proxyType = 1;
			remoteGlobalIDString = 5D1BF3A82E3D09B100C9CD43;
			remoteInfo = AlfaMovie;
		};
/* End PBXContainerItemProxy section */

/* Begin PBXCopyFilesBuildPhase section */
		5D1BF3FC2E3D150900C9CD43 /* Embed Frameworks */ = {
			isa = PBXCopyFilesBuildPhase;
			buildActionMask = 2147483647;
			dstPath = "";
			dstSubfolderSpec = 10;
			files = (
			);
			name = "Embed Frameworks";
			runOnlyForDeploymentPostprocessing = 0;
		};
/* End PBXCopyFilesBuildPhase section */

/* Begin PBXFileReference section */
		5D1BF3A92E3D09B100C9CD43 /* AlfaMovie.app */ = {isa = PBXFileReference; explicitFileType = wrapper.application; includeInIndex = 0; path = AlfaMovie.app; sourceTree = BUILT_PRODUCTS_DIR; };
		5D1BF3B72E3D09B200C9CD43 /* AlfaMovieTests.xctest */ = {isa = PBXFileReference; explicitFileType = wrapper.cfbundle; includeInIndex = 0; path = AlfaMovieTests.xctest; sourceTree = BUILT_PRODUCTS_DIR; };
		5D1BF3C12E3D09B200C9CD43 /* AlfaMovieUITests.xctest */ = {isa = PBXFileReference; explicitFileType = wrapper.cfbundle; includeInIndex = 0; path = AlfaMovieUITests.xctest; sourceTree = BUILT_PRODUCTS_DIR; };
/* End PBXFileReference section */

/* Begin PBXFileSystemSynchronizedRootGroup section */
		5D1BF3AB2E3D09B100C9CD43 /* AlfaMovie */ = {
			isa = PBXFileSystemSynchronizedRootGroup;
			path = AlfaMovie;
			sourceTree = "<group>";
		};
		5D1BF3BA2E3D09B200C9CD43 /* AlfaMovieTests */ = {
			isa = PBXFileSystemSynchronizedRootGroup;
			path = AlfaMovieTests;
			sourceTree = "<group>";
		};
		5D1BF3C42E3D09B200C9CD43 /* AlfaMovieUITests */ = {
			isa = PBXFileSystemSynchronizedRootGroup;
			path = AlfaMovieUITests;
			sourceTree = "<group>";
		};
/* End PBXFileSystemSynchronizedRootGroup section */

/* Begin PBXFrameworksBuildPhase section */
		5D1BF3A62E3D09B100C9CD43 /* Frameworks */ = {
			isa = PBXFrameworksBuildPhase;
			buildActionMask = 2147483647;
			files = (
				5D1BF4002E3D153000C9CD43 /* RxSwift in Frameworks */,
				5D1BF3FA2E3D142100C9CD43 /* RxRelay in Frameworks */,
				5D1BF3F62E3D142100C9CD43 /* RxCocoa in Frameworks */,
			);
			runOnlyForDeploymentPostprocessing = 0;
		};
		5D1BF3B42E3D09B200C9CD43 /* Frameworks */ = {
			isa = PBXFrameworksBuildPhase;
			buildActionMask = 2147483647;
			files = (
			);
			runOnlyForDeploymentPostprocessing = 0;
		};
		5D1BF3BE2E3D09B200C9CD43 /* Frameworks */ = {
			isa = PBXFrameworksBuildPhase;
			buildActionMask = 2147483647;
			files = (
			);
			runOnlyForDeploymentPostprocessing = 0;
		};
/* End PBXFrameworksBuildPhase section */

/* Begin PBXGroup section */
		5D1BF3A02E3D09B100C9CD43 = {
			isa = PBXGroup;
			children = (
				5D1BF3AB2E3D09B100C9CD43 /* AlfaMovie */,
				5D1BF3BA2E3D09B200C9CD43 /* AlfaMovieTests */,
				5D1BF3C42E3D09B200C9CD43 /* AlfaMovieUITests */,
				5D1BF3FE2E3D153000C9CD43 /* Frameworks */,
				5D1BF3AA2E3D09B100C9CD43 /* Products */,
			);
			sourceTree = "<group>";
		};
		5D1BF3AA2E3D09B100C9CD43 /* Products */ = {
			isa = PBXGroup;
			children = (
				5D1BF3A92E3D09B100C9CD43 /* AlfaMovie.app */,
				5D1BF3B72E3D09B200C9CD43 /* AlfaMovieTests.xctest */,
				5D1BF3C12E3D09B200C9CD43 /* AlfaMovieUITests.xctest */,
			);
			name = Products;
			sourceTree = "<group>";
		};
		5D1BF3FE2E3D153000C9CD43 /* Frameworks */ = {
			isa = PBXGroup;
			children = (
			);
			name = Frameworks;
			sourceTree = "<group>";
		};
/* End PBXGroup section */

/* Begin PBXNativeTarget section */
		5D1BF3A82E3D09B100C9CD43 /* AlfaMovie */ = {
			isa = PBXNativeTarget;
			buildConfigurationList = 5D1BF3CB2E3D09B200C9CD43 /* Build configuration list for PBXNativeTarget "AlfaMovie" */;
			buildPhases = (
				5D1BF3A52E3D09B100C9CD43 /* Sources */,
				5D1BF3A62E3D09B100C9CD43 /* Frameworks */,
				5D1BF3A72E3D09B100C9CD43 /* Resources */,
				5D1BF3FC2E3D150900C9CD43 /* Embed Frameworks */,
			);
			buildRules = (
			);
			dependencies = (
			);
			fileSystemSynchronizedGroups = (
				5D1BF3AB2E3D09B100C9CD43 /* AlfaMovie */,
			);
			name = AlfaMovie;
			packageProductDependencies = (
				5D1BF3F52E3D142100C9CD43 /* RxCocoa */,
				5D1BF3F92E3D142100C9CD43 /* RxRelay */,
				5D1BF3FF2E3D153000C9CD43 /* RxSwift */,
			);
			productName = AlfaMovie;
			productReference = 5D1BF3A92E3D09B100C9CD43 /* AlfaMovie.app */;
			productType = "com.apple.product-type.application";
		};
		5D1BF3B62E3D09B200C9CD43 /* AlfaMovieTests */ = {
			isa = PBXNativeTarget;
			buildConfigurationList = 5D1BF3CE2E3D09B200C9CD43 /* Build configuration list for PBXNativeTarget "AlfaMovieTests" */;
			buildPhases = (
				5D1BF3B32E3D09B200C9CD43 /* Sources */,
				5D1BF3B42E3D09B200C9CD43 /* Frameworks */,
				5D1BF3B52E3D09B200C9CD43 /* Resources */,
			);
			buildRules = (
			);
			dependencies = (
				5D1BF3B92E3D09B200C9CD43 /* PBXTargetDependency */,
			);
			fileSystemSynchronizedGroups = (
				5D1BF3BA2E3D09B200C9CD43 /* AlfaMovieTests */,
			);
			name = AlfaMovieTests;
			packageProductDependencies = (
			);
			productName = AlfaMovieTests;
			productReference = 5D1BF3B72E3D09B200C9CD43 /* AlfaMovieTests.xctest */;
			productType = "com.apple.product-type.bundle.unit-test";
		};
		5D1BF3C02E3D09B200C9CD43 /* AlfaMovieUITests */ = {
			isa = PBXNativeTarget;
			buildConfigurationList = 5D1BF3D12E3D09B200C9CD43 /* Build configuration list for PBXNativeTarget "AlfaMovieUITests" */;
			buildPhases = (
				5D1BF3BD2E3D09B200C9CD43 /* Sources */,
				5D1BF3BE2E3D09B200C9CD43 /* Frameworks */,
				5D1BF3BF2E3D09B200C9CD43 /* Resources */,
			);
			buildRules = (
			);
			dependencies = (
				5D1BF3C32E3D09B200C9CD43 /* PBXTargetDependency */,
			);
			fileSystemSynchronizedGroups = (
				5D1BF3C42E3D09B200C9CD43 /* AlfaMovieUITests */,
			);
			name = AlfaMovieUITests;
			packageProductDependencies = (
			);
			productName = AlfaMovieUITests;
			productReference = 5D1BF3C12E3D09B200C9CD43 /* AlfaMovieUITests.xctest */;
			productType = "com.apple.product-type.bundle.ui-testing";
		};
/* End PBXNativeTarget section */

/* Begin PBXProject section */
		5D1BF3A12E3D09B100C9CD43 /* Project object */ = {
			isa = PBXProject;
			attributes = {
				BuildIndependentTargetsInParallel = 1;
				LastSwiftUpdateCheck = 1640;
				LastUpgradeCheck = 1640;
				TargetAttributes = {
					5D1BF3A82E3D09B100C9CD43 = {
						CreatedOnToolsVersion = 16.4;
					};
					5D1BF3B62E3D09B200C9CD43 = {
						CreatedOnToolsVersion = 16.4;
						TestTargetID = 5D1BF3A82E3D09B100C9CD43;
					};
					5D1BF3C02E3D09B200C9CD43 = {
						CreatedOnToolsVersion = 16.4;
						TestTargetID = 5D1BF3A82E3D09B100C9CD43;
					};
				};
			};
			buildConfigurationList = 5D1BF3A42E3D09B100C9CD43 /* Build configuration list for PBXProject "AlfaMovie" */;
			developmentRegion = en;
			hasScannedForEncodings = 0;
			knownRegions = (
				en,
				Base,
			);
			mainGroup = 5D1BF3A02E3D09B100C9CD43;
			minimizedProjectReferenceProxies = 1;
			packageReferences = (
				5D1BF3F02E3D142100C9CD43 /* XCRemoteSwiftPackageReference "RxSwift" */,
			);
			preferredProjectObjectVersion = 77;
			productRefGroup = 5D1BF3AA2E3D09B100C9CD43 /* Products */;
			projectDirPath = "";
			projectRoot = "";
			targets = (
				5D1BF3A82E3D09B100C9CD43 /* AlfaMovie */,
				5D1BF3B62E3D09B200C9CD43 /* AlfaMovieTests */,
				5D1BF3C02E3D09B200C9CD43 /* AlfaMovieUITests */,
			);
		};
/* End PBXProject section */

/* Begin PBXResourcesBuildPhase section */
		5D1BF3A72E3D09B100C9CD43 /* Resources */ = {
			isa = PBXResourcesBuildPhase;
			buildActionMask = 2147483647;
			files = (
			);
			runOnlyForDeploymentPostprocessing = 0;
		};
		5D1BF3B52E3D09B200C9CD43 /* Resources */ = {
			isa = PBXResourcesBuildPhase;
			buildActionMask = 2147483647;
			files = (
			);
			runOnlyForDeploymentPostprocessing = 0;
		};
		5D1BF3BF2E3D09B200C9CD43 /* Resources */ = {
			isa = PBXResourcesBuildPhase;
			buildActionMask = 2147483647;
			files = (
			);
			runOnlyForDeploymentPostprocessing = 0;
		};
/* End PBXResourcesBuildPhase section */

/* Begin PBXSourcesBuildPhase section */
		5D1BF3A52E3D09B100C9CD43 /* Sources */ = {
			isa = PBXSourcesBuildPhase;
			buildActionMask = 2147483647;
			files = (
			);
			runOnlyForDeploymentPostprocessing = 0;
		};
		5D1BF3B32E3D09B200C9CD43 /* Sources */ = {
			isa = PBXSourcesBuildPhase;
			buildActionMask = 2147483647;
			files = (
			);
			runOnlyForDeploymentPostprocessing = 0;
		};
		5D1BF3BD2E3D09B200C9CD43 /* Sources */ = {
			isa = PBXSourcesBuildPhase;
			buildActionMask = 2147483647;
			files = (
			);
			runOnlyForDeploymentPostprocessing = 0;
		};
/* End PBXSourcesBuildPhase section */

/* Begin PBXTargetDependency section */
		5D1BF3B92E3D09B200C9CD43 /* PBXTargetDependency */ = {
			isa = PBXTargetDependency;
			target = 5D1BF3A82E3D09B100C9CD43 /* AlfaMovie */;
			targetProxy = 5D1BF3B82E3D09B200C9CD43 /* PBXContainerItemProxy */;
		};
		5D1BF3C32E3D09B200C9CD43 /* PBXTargetDependency */ = {
			isa = PBXTargetDependency;
			target = 5D1BF3A82E3D09B100C9CD43 /* AlfaMovie */;
			targetProxy = 5D1BF3C22E3D09B200C9CD43 /* PBXContainerItemProxy */;
		};
/* End PBXTargetDependency section */

/* Begin XCBuildConfiguration section */
		5D1BF3C92E3D09B200C9CD43 /* Debug */ = {
			isa = XCBuildConfiguration;
			buildSettings = {
				ALWAYS_SEARCH_USER_PATHS = NO;
				ASSETCATALOG_COMPILER_GENERATE_SWIFT_ASSET_SYMBOL_EXTENSIONS = YES;
				CLANG_ANALYZER_NONNULL = YES;
				CLANG_ANALYZER_NUMBER_OBJECT_CONVERSION = YES_AGGRESSIVE;
				CLANG_CXX_LANGUAGE_STANDARD = "gnu++20";
				CLANG_ENABLE_MODULES = YES;
				CLANG_ENABLE_OBJC_ARC = YES;
				CLANG_ENABLE_OBJC_WEAK = YES;
				CLANG_WARN_BLOCK_CAPTURE_AUTORELEASING = YES;
				CLANG_WARN_BOOL_CONVERSION = YES;
				CLANG_WARN_COMMA = YES;
				CLANG_WARN_CONSTANT_CONVERSION = YES;
				CLANG_WARN_DEPRECATED_OBJC_IMPLEMENTATIONS = YES;
				CLANG_WARN_DIRECT_OBJC_ISA_USAGE = YES_ERROR;
				CLANG_WARN_DOCUMENTATION_COMMENTS = YES;
				CLANG_WARN_EMPTY_BODY = YES;
				CLANG_WARN_ENUM_CONVERSION = YES;
				CLANG_WARN_INFINITE_RECURSION = YES;
				CLANG_WARN_INT_CONVERSION = YES;
				CLANG_WARN_NON_LITERAL_NULL_CONVERSION = YES;
				CLANG_WARN_OBJC_IMPLICIT_RETAIN_SELF = YES;
				CLANG_WARN_OBJC_LITERAL_CONVERSION = YES;
				CLANG_WARN_OBJC_ROOT_CLASS = YES_ERROR;
				CLANG_WARN_QUOTED_INCLUDE_IN_FRAMEWORK_HEADER = YES;
				CLANG_WARN_RANGE_LOOP_ANALYSIS = YES;
				CLANG_WARN_STRICT_PROTOTYPES = YES;
				CLANG_WARN_SUSPICIOUS_MOVE = YES;
				CLANG_WARN_UNGUARDED_AVAILABILITY = YES_AGGRESSIVE;
				CLANG_WARN_UNREACHABLE_CODE = YES;
				CLANG_WARN__DUPLICATE_METHOD_MATCH = YES;
				COPY_PHASE_STRIP = NO;
				DEBUG_INFORMATION_FORMAT = dwarf;
				DEVELOPMENT_TEAM = BCLA727S8J;
				ENABLE_STRICT_OBJC_MSGSEND = YES;
				ENABLE_TESTABILITY = YES;
				ENABLE_USER_SCRIPT_SANDBOXING = YES;
				GCC_C_LANGUAGE_STANDARD = gnu17;
				GCC_DYNAMIC_NO_PIC = NO;
				GCC_NO_COMMON_BLOCKS = YES;
				GCC_OPTIMIZATION_LEVEL = 0;
				GCC_PREPROCESSOR_DEFINITIONS = (
					"DEBUG=1",
					"$(inherited)",
				);
				GCC_WARN_64_TO_32_BIT_CONVERSION = YES;
				GCC_WARN_ABOUT_RETURN_TYPE = YES_ERROR;
				GCC_WARN_UNDECLARED_SELECTOR = YES;
				GCC_WARN_UNINITIALIZED_AUTOS = YES_AGGRESSIVE;
				GCC_WARN_UNUSED_FUNCTION = YES;
				GCC_WARN_UNUSED_VARIABLE = YES;
				LOCALIZATION_PREFERS_STRING_CATALOGS = YES;
				MTL_ENABLE_DEBUG_INFO = INCLUDE_SOURCE;
				MTL_FAST_MATH = YES;
				ONLY_ACTIVE_ARCH = YES;
				SWIFT_ACTIVE_COMPILATION_CONDITIONS = "DEBUG $(inherited)";
				SWIFT_OPTIMIZATION_LEVEL = "-Onone";
			};
			name = Debug;
		};
		5D1BF3CA2E3D09B200C9CD43 /* Release */ = {
			isa = XCBuildConfiguration;
			buildSettings = {
				ALWAYS_SEARCH_USER_PATHS = NO;
				ASSETCATALOG_COMPILER_GENERATE_SWIFT_ASSET_SYMBOL_EXTENSIONS = YES;
				CLANG_ANALYZER_NONNULL = YES;
				CLANG_ANALYZER_NUMBER_OBJECT_CONVERSION = YES_AGGRESSIVE;
				CLANG_CXX_LANGUAGE_STANDARD = "gnu++20";
				CLANG_ENABLE_MODULES = YES;
				CLANG_ENABLE_OBJC_ARC = YES;
				CLANG_ENABLE_OBJC_WEAK = YES;
				CLANG_WARN_BLOCK_CAPTURE_AUTORELEASING = YES;
				CLANG_WARN_BOOL_CONVERSION = YES;
				CLANG_WARN_COMMA = YES;
				CLANG_WARN_CONSTANT_CONVERSION = YES;
				CLANG_WARN_DEPRECATED_OBJC_IMPLEMENTATIONS = YES;
				CLANG_WARN_DIRECT_OBJC_ISA_USAGE = YES_ERROR;
				CLANG_WARN_DOCUMENTATION_COMMENTS = YES;
				CLANG_WARN_EMPTY_BODY = YES;
				CLANG_WARN_ENUM_CONVERSION = YES;
				CLANG_WARN_INFINITE_RECURSION = YES;
				CLANG_WARN_INT_CONVERSION = YES;
				CLANG_WARN_NON_LITERAL_NULL_CONVERSION = YES;
				CLANG_WARN_OBJC_IMPLICIT_RETAIN_SELF = YES;
				CLANG_WARN_OBJC_LITERAL_CONVERSION = YES;
				CLANG_WARN_OBJC_ROOT_CLASS = YES_ERROR;
				CLANG_WARN_QUOTED_INCLUDE_IN_FRAMEWORK_HEADER = YES;
				CLANG_WARN_RANGE_LOOP_ANALYSIS = YES;
				CLANG_WARN_STRICT_PROTOTYPES = YES;
				CLANG_WARN_SUSPICIOUS_MOVE = YES;
				CLANG_WARN_UNGUARDED_AVAILABILITY = YES_AGGRESSIVE;
				CLANG_WARN_UNREACHABLE_CODE = YES;
				CLANG_WARN__DUPLICATE_METHOD_MATCH = YES;
				COPY_PHASE_STRIP = NO;
				DEBUG_INFORMATION_FORMAT = "dwarf-with-dsym";
				DEVELOPMENT_TEAM = BCLA727S8J;
				ENABLE_NS_ASSERTIONS = NO;
				ENABLE_STRICT_OBJC_MSGSEND = YES;
				ENABLE_USER_SCRIPT_SANDBOXING = YES;
				GCC_C_LANGUAGE_STANDARD = gnu17;
				GCC_NO_COMMON_BLOCKS = YES;
				GCC_WARN_64_TO_32_BIT_CONVERSION = YES;
				GCC_WARN_ABOUT_RETURN_TYPE = YES_ERROR;
				GCC_WARN_UNDECLARED_SELECTOR = YES;
				GCC_WARN_UNINITIALIZED_AUTOS = YES_AGGRESSIVE;
				GCC_WARN_UNUSED_FUNCTION = YES;
				GCC_WARN_UNUSED_VARIABLE = YES;
				LOCALIZATION_PREFERS_STRING_CATALOGS = YES;
				MTL_ENABLE_DEBUG_INFO = NO;
				MTL_FAST_MATH = YES;
				SWIFT_COMPILATION_MODE = wholemodule;
			};
			name = Release;
		};
		5D1BF3CC2E3D09B200C9CD43 /* Debug */ = {
			isa = XCBuildConfiguration;
			buildSettings = {
				ASSETCATALOG_COMPILER_APPICON_NAME = AppIcon;
				ASSETCATALOG_COMPILER_GLOBAL_ACCENT_COLOR_NAME = AccentColor;
				CODE_SIGN_ENTITLEMENTS = AlfaMovie/AlfaMovie.entitlements;
				CODE_SIGN_STYLE = Automatic;
				CURRENT_PROJECT_VERSION = 1;
				DEVELOPMENT_TEAM = BCLA727S8J;
				ENABLE_HARDENED_RUNTIME = YES;
				ENABLE_PREVIEWS = YES;
				GENERATE_INFOPLIST_FILE = YES;
				"INFOPLIST_KEY_UIApplicationSceneManifest_Generation[sdk=iphoneos*]" = YES;
				"INFOPLIST_KEY_UIApplicationSceneManifest_Generation[sdk=iphonesimulator*]" = YES;
				"INFOPLIST_KEY_UIApplicationSupportsIndirectInputEvents[sdk=iphoneos*]" = YES;
				"INFOPLIST_KEY_UIApplicationSupportsIndirectInputEvents[sdk=iphonesimulator*]" = YES;
				"INFOPLIST_KEY_UILaunchScreen_Generation[sdk=iphoneos*]" = YES;
				"INFOPLIST_KEY_UILaunchScreen_Generation[sdk=iphonesimulator*]" = YES;
				INFOPLIST_KEY_UILaunchStoryboardName = AlfaMovieLaunchScreenIOS.storyboard;
				"INFOPLIST_KEY_UIStatusBarStyle[sdk=iphoneos*]" = UIStatusBarStyleDefault;
				"INFOPLIST_KEY_UIStatusBarStyle[sdk=iphonesimulator*]" = UIStatusBarStyleDefault;
				INFOPLIST_KEY_UISupportedInterfaceOrientations_iPad = "UIInterfaceOrientationPortrait UIInterfaceOrientationPortraitUpsideDown UIInterfaceOrientationLandscapeLeft UIInterfaceOrientationLandscapeRight";
				INFOPLIST_KEY_UISupportedInterfaceOrientations_iPhone = "UIInterfaceOrientationPortrait UIInterfaceOrientationLandscapeLeft UIInterfaceOrientationLandscapeRight";
				IPHONEOS_DEPLOYMENT_TARGET = 18.5;
				LD_RUNPATH_SEARCH_PATHS = "@executable_path/Frameworks";
				"LD_RUNPATH_SEARCH_PATHS[sdk=macosx*]" = "@executable_path/../Frameworks";
				MACOSX_DEPLOYMENT_TARGET = 15.5;
				MARKETING_VERSION = 1.0;
				PRODUCT_BUNDLE_IDENTIFIER = com.rydwandev.AlfaMovie;
				PRODUCT_NAME = "$(TARGET_NAME)";
				REGISTER_APP_GROUPS = YES;
				SDKROOT = auto;
				SUPPORTED_PLATFORMS = "iphoneos iphonesimulator macosx xros xrsimulator";
				SWIFT_EMIT_LOC_STRINGS = YES;
				SWIFT_VERSION = 5.0;
				TARGETED_DEVICE_FAMILY = "1,2,7";
				XROS_DEPLOYMENT_TARGET = 2.5;
			};
			name = Debug;
		};
		5D1BF3CD2E3D09B200C9CD43 /* Release */ = {
			isa = XCBuildConfiguration;
			buildSettings = {
				ASSETCATALOG_COMPILER_APPICON_NAME = AppIcon;
				ASSETCATALOG_COMPILER_GLOBAL_ACCENT_COLOR_NAME = AccentColor;
				CODE_SIGN_ENTITLEMENTS = AlfaMovie/AlfaMovie.entitlements;
				CODE_SIGN_STYLE = Automatic;
				CURRENT_PROJECT_VERSION = 1;
				DEVELOPMENT_TEAM = BCLA727S8J;
				ENABLE_HARDENED_RUNTIME = YES;
				ENABLE_PREVIEWS = YES;
				GENERATE_INFOPLIST_FILE = YES;
				"INFOPLIST_KEY_UIApplicationSceneManifest_Generation[sdk=iphoneos*]" = YES;
				"INFOPLIST_KEY_UIApplicationSceneManifest_Generation[sdk=iphonesimulator*]" = YES;
				"INFOPLIST_KEY_UIApplicationSupportsIndirectInputEvents[sdk=iphoneos*]" = YES;
				"INFOPLIST_KEY_UIApplicationSupportsIndirectInputEvents[sdk=iphonesimulator*]" = YES;
				"INFOPLIST_KEY_UILaunchScreen_Generation[sdk=iphoneos*]" = YES;
				"INFOPLIST_KEY_UILaunchScreen_Generation[sdk=iphonesimulator*]" = YES;
				INFOPLIST_KEY_UILaunchStoryboardName = AlfaMovieLaunchScreenIOS.storyboard;
				"INFOPLIST_KEY_UIStatusBarStyle[sdk=iphoneos*]" = UIStatusBarStyleDefault;
				"INFOPLIST_KEY_UIStatusBarStyle[sdk=iphonesimulator*]" = UIStatusBarStyleDefault;
				INFOPLIST_KEY_UISupportedInterfaceOrientations_iPad = "UIInterfaceOrientationPortrait UIInterfaceOrientationPortraitUpsideDown UIInterfaceOrientationLandscapeLeft UIInterfaceOrientationLandscapeRight";
				INFOPLIST_KEY_UISupportedInterfaceOrientations_iPhone = "UIInterfaceOrientationPortrait UIInterfaceOrientationLandscapeLeft UIInterfaceOrientationLandscapeRight";
				IPHONEOS_DEPLOYMENT_TARGET = 18.5;
				LD_RUNPATH_SEARCH_PATHS = "@executable_path/Frameworks";
				"LD_RUNPATH_SEARCH_PATHS[sdk=macosx*]" = "@executable_path/../Frameworks";
				MACOSX_DEPLOYMENT_TARGET = 15.5;
				MARKETING_VERSION = 1.0;
				PRODUCT_BUNDLE_IDENTIFIER = com.rydwandev.AlfaMovie;
				PRODUCT_NAME = "$(TARGET_NAME)";
				REGISTER_APP_GROUPS = YES;
				SDKROOT = auto;
				SUPPORTED_PLATFORMS = "iphoneos iphonesimulator macosx xros xrsimulator";
				SWIFT_EMIT_LOC_STRINGS = YES;
				SWIFT_VERSION = 5.0;
				TARGETED_DEVICE_FAMILY = "1,2,7";
				XROS_DEPLOYMENT_TARGET = 2.5;
			};
			name = Release;
		};
		5D1BF3CF2E3D09B200C9CD43 /* Debug */ = {
			isa = XCBuildConfiguration;
			buildSettings = {
				BUNDLE_LOADER = "$(TEST_HOST)";
				CODE_SIGN_STYLE = Automatic;
				CURRENT_PROJECT_VERSION = 1;
				DEVELOPMENT_TEAM = BCLA727S8J;
				GENERATE_INFOPLIST_FILE = YES;
				IPHONEOS_DEPLOYMENT_TARGET = 17.6;
				MACOSX_DEPLOYMENT_TARGET = 15.5;
				MARKETING_VERSION = 1.0;
				PRODUCT_BUNDLE_IDENTIFIER = com.rydwandev.AlfaMovieTests;
				PRODUCT_NAME = "$(TARGET_NAME)";
				SDKROOT = auto;
				SUPPORTED_PLATFORMS = "iphoneos iphonesimulator macosx xros xrsimulator";
				SWIFT_EMIT_LOC_STRINGS = NO;
				SWIFT_VERSION = 5.0;
				TARGETED_DEVICE_FAMILY = "1,2,7";
				TEST_HOST = "$(BUILT_PRODUCTS_DIR)/AlfaMovie.app/$(BUNDLE_EXECUTABLE_FOLDER_PATH)/AlfaMovie";
				XROS_DEPLOYMENT_TARGET = 2.5;
			};
			name = Debug;
		};
		5D1BF3D02E3D09B200C9CD43 /* Release */ = {
			isa = XCBuildConfiguration;
			buildSettings = {
				BUNDLE_LOADER = "$(TEST_HOST)";
				CODE_SIGN_STYLE = Automatic;
				CURRENT_PROJECT_VERSION = 1;
				DEVELOPMENT_TEAM = BCLA727S8J;
				GENERATE_INFOPLIST_FILE = YES;
				IPHONEOS_DEPLOYMENT_TARGET = 17.6;
				MACOSX_DEPLOYMENT_TARGET = 15.5;
				MARKETING_VERSION = 1.0;
				PRODUCT_BUNDLE_IDENTIFIER = com.rydwandev.AlfaMovieTests;
				PRODUCT_NAME = "$(TARGET_NAME)";
				SDKROOT = auto;
				SUPPORTED_PLATFORMS = "iphoneos iphonesimulator macosx xros xrsimulator";
				SWIFT_EMIT_LOC_STRINGS = NO;
				SWIFT_VERSION = 5.0;
				TARGETED_DEVICE_FAMILY = "1,2,7";
				TEST_HOST = "$(BUILT_PRODUCTS_DIR)/AlfaMovie.app/$(BUNDLE_EXECUTABLE_FOLDER_PATH)/AlfaMovie";
				XROS_DEPLOYMENT_TARGET = 2.5;
			};
			name = Release;
		};
		5D1BF3D22E3D09B200C9CD43 /* Debug */ = {
			isa = XCBuildConfiguration;
			buildSettings = {
				CODE_SIGN_STYLE = Automatic;
				CURRENT_PROJECT_VERSION = 1;
				DEVELOPMENT_TEAM = BCLA727S8J;
				GENERATE_INFOPLIST_FILE = YES;
				IPHONEOS_DEPLOYMENT_TARGET = 18.5;
				MACOSX_DEPLOYMENT_TARGET = 15.5;
				MARKETING_VERSION = 1.0;
				PRODUCT_BUNDLE_IDENTIFIER = com.rydwandev.AlfaMovieUITests;
				PRODUCT_NAME = "$(TARGET_NAME)";
				SDKROOT = auto;
				SUPPORTED_PLATFORMS = "iphoneos iphonesimulator macosx xros xrsimulator";
				SWIFT_EMIT_LOC_STRINGS = NO;
				SWIFT_VERSION = 5.0;
				TARGETED_DEVICE_FAMILY = "1,2,7";
				TEST_TARGET_NAME = AlfaMovie;
				XROS_DEPLOYMENT_TARGET = 2.5;
			};
			name = Debug;
		};
		5D1BF3D32E3D09B200C9CD43 /* Release */ = {
			isa = XCBuildConfiguration;
			buildSettings = {
				CODE_SIGN_STYLE = Automatic;
				CURRENT_PROJECT_VERSION = 1;
				DEVELOPMENT_TEAM = BCLA727S8J;
				GENERATE_INFOPLIST_FILE = YES;
				IPHONEOS_DEPLOYMENT_TARGET = 18.5;
				MACOSX_DEPLOYMENT_TARGET = 15.5;
				MARKETING_VERSION = 1.0;
				PRODUCT_BUNDLE_IDENTIFIER = com.rydwandev.AlfaMovieUITests;
				PRODUCT_NAME = "$(TARGET_NAME)";
				SDKROOT = auto;
				SUPPORTED_PLATFORMS = "iphoneos iphonesimulator macosx xros xrsimulator";
				SWIFT_EMIT_LOC_STRINGS = NO;
				SWIFT_VERSION = 5.0;
				TARGETED_DEVICE_FAMILY = "1,2,7";
				TEST_TARGET_NAME = AlfaMovie;
				XROS_DEPLOYMENT_TARGET = 2.5;
			};
			name = Release;
		};
/* End XCBuildConfiguration section */

/* Begin XCConfigurationList section */
		5D1BF3A42E3D09B100C9CD43 /* Build configuration list for PBXProject "AlfaMovie" */ = {
			isa = XCConfigurationList;
			buildConfigurations = (
				5D1BF3C92E3D09B200C9CD43 /* Debug */,
				5D1BF3CA2E3D09B200C9CD43 /* Release */,
			);
			defaultConfigurationIsVisible = 0;
			defaultConfigurationName = Release;
		};
		5D1BF3CB2E3D09B200C9CD43 /* Build configuration list for PBXNativeTarget "AlfaMovie" */ = {
			isa = XCConfigurationList;
			buildConfigurations = (
				5D1BF3CC2E3D09B200C9CD43 /* Debug */,
				5D1BF3CD2E3D09B200C9CD43 /* Release */,
			);
			defaultConfigurationIsVisible = 0;
			defaultConfigurationName = Release;
		};
		5D1BF3CE2E3D09B200C9CD43 /* Build configuration list for PBXNativeTarget "AlfaMovieTests" */ = {
			isa = XCConfigurationList;
			buildConfigurations = (
				5D1BF3CF2E3D09B200C9CD43 /* Debug */,
				5D1BF3D02E3D09B200C9CD43 /* Release */,
			);
			defaultConfigurationIsVisible = 0;
			defaultConfigurationName = Release;
		};
		5D1BF3D12E3D09B200C9CD43 /* Build configuration list for PBXNativeTarget "AlfaMovieUITests" */ = {
			isa = XCConfigurationList;
			buildConfigurations = (
				5D1BF3D22E3D09B200C9CD43 /* Debug */,
				5D1BF3D32E3D09B200C9CD43 /* Release */,
			);
			defaultConfigurationIsVisible = 0;
			defaultConfigurationName = Release;
		};
/* End XCConfigurationList section */

/* Begin XCRemoteSwiftPackageReference section */
		5D1BF3F02E3D142100C9CD43 /* XCRemoteSwiftPackageReference "RxSwift" */ = {
			isa = XCRemoteSwiftPackageReference;
			repositoryURL = "https://github.com/ReactiveX/RxSwift.git";
			requirement = {
				kind = upToNextMajorVersion;
				minimumVersion = 6.9.0;
			};
		};
/* End XCRemoteSwiftPackageReference section */

/* Begin XCSwiftPackageProductDependency section */
		5D1BF3F52E3D142100C9CD43 /* RxCocoa */ = {
			isa = XCSwiftPackageProductDependency;
			package = 5D1BF3F02E3D142100C9CD43 /* XCRemoteSwiftPackageReference "RxSwift" */;
			productName = RxCocoa;
		};
		5D1BF3F92E3D142100C9CD43 /* RxRelay */ = {
			isa = XCSwiftPackageProductDependency;
			package = 5D1BF3F02E3D142100C9CD43 /* XCRemoteSwiftPackageReference "RxSwift" */;
			productName = RxRelay;
		};
		5D1BF3FF2E3D153000C9CD43 /* RxSwift */ = {
			isa = XCSwiftPackageProductDependency;
			package = 5D1BF3F02E3D142100C9CD43 /* XCRemoteSwiftPackageReference "RxSwift" */;
			productName = RxSwift;
		};
/* End XCSwiftPackageProductDependency section */
	};
	rootObject = 5D1BF3A12E3D09B100C9CD43 /* Project object */;
}
